
Microsoft Visual Studio Solution File, Format Version 12.00
# Visual Studio 2013
VisualStudioVersion = 12.0.31101.0
MinimumVisualStudioVersion = 10.0.40219.1
Project("{FAE04EC0-301F-11D3-BF4B-00C04F79EFBC}") = "Task1", "Task1\Task1.csproj", "{929BEF2D-7A8B-436D-9265-4149853CDA0D}"
EndProject
Project("{FAE04EC0-301F-11D3-BF4B-00C04F79EFBC}") = "Task2", "Task2\Task2.csproj", "{74A79ECB-012B-4E7F-B7A0-EAC7B1054E7C}"
EndProject
Project("{FAE04EC0-301F-11D3-BF4B-00C04F79EFBC}") = "Task3", "Task3\Task3.csproj", "{96C1AB29-0668-4172-A275-481C4002905D}"
EndProject
Project("{FAE04EC0-301F-11D3-BF4B-00C04F79EFBC}") = "Task4", "Task4\Task4.csproj", "{B94519EB-EFEB-4D63-9918-6F89CF61E9D2}"
EndProject
Project("{FAE04EC0-301F-11D3-BF4B-00C04F79EFBC}") = "Task6", "Task6\Task6.csproj", "{2613EEC6-0074-4E5A-9ED8-E95346F7F4C9}"
EndProject
Global
	GlobalSection(SolutionConfigurationPlatforms) = preSolution
		Debug|Any CPU = Debug|Any CPU
		Release|Any CPU = Release|Any CPU
	EndGlobalSection
	GlobalSection(ProjectConfigurationPlatforms) = postSolution
		{929BEF2D-7A8B-436D-9265-4149853CDA0D}.Debug|Any CPU.ActiveCfg = Debug|Any CPU
		{929BEF2D-7A8B-436D-9265-4149853CDA0D}.Debug|Any CPU.Build.0 = Debug|Any CPU
		{929BEF2D-7A8B-436D-9265-4149853CDA0D}.Release|Any CPU.ActiveCfg = Release|Any CPU
		{929BEF2D-7A8B-436D-9265-4149853CDA0D}.Release|Any CPU.Build.0 = Release|Any CPU
		{74A79ECB-012B-4E7F-B7A0-EAC7B1054E7C}.Debug|Any CPU.ActiveCfg = Debug|Any CPU
		{74A79ECB-012B-4E7F-B7A0-EAC7B1054E7C}.Debug|Any CPU.Build.0 = Debug|Any CPU
		{74A79ECB-012B-4E7F-B7A0-EAC7B1054E7C}.Release|Any CPU.ActiveCfg = Release|Any CPU
		{74A79ECB-012B-4E7F-B7A0-EAC7B1054E7C}.Release|Any CPU.Build.0 = Release|Any CPU
		{96C1AB29-0668-4172-A275-481C4002905D}.Debug|Any CPU.ActiveCfg = Debug|Any CPU
		{96C1AB29-0668-4172-A275-481C4002905D}.Debug|Any CPU.Build.0 = Debug|Any CPU
		{96C1AB29-0668-4172-A275-481C4002905D}.Release|Any CPU.ActiveCfg = Release|Any CPU
		{96C1AB29-0668-4172-A275-481C4002905D}.Release|Any CPU.Build.0 = Release|Any CPU
		{B94519EB-EFEB-4D63-9918-6F89CF61E9D2}.Debug|Any CPU.ActiveCfg = Debug|Any CPU
		{B94519EB-EFEB-4D63-9918-6F89CF61E9D2}.Debug|Any CPU.Build.0 = Debug|Any CPU
		{B94519EB-EFEB-4D63-9918-6F89CF61E9D2}.Release|Any CPU.ActiveCfg = Release|Any CPU
		{B94519EB-EFEB-4D63-9918-6F89CF61E9D2}.Release|Any CPU.Build.0 = Release|Any CPU
		{2613EEC6-0074-4E5A-9ED8-E95346F7F4C9}.Debug|Any CPU.ActiveCfg = Debug|Any CPU
		{2613EEC6-0074-4E5A-9ED8-E95346F7F4C9}.Debug|Any CPU.Build.0 = Debug|Any CPU
		{2613EEC6-0074-4E5A-9ED8-E95346F7F4C9}.Release|Any CPU.ActiveCfg = Release|Any CPU
		{2613EEC6-0074-4E5A-9ED8-E95346F7F4C9}.Release|Any CPU.Build.0 = Release|Any CPU
	EndGlobalSection
	GlobalSection(SolutionProperties) = preSolution
		HideSolutionNode = FALSE
	EndGlobalSection
EndGlobal
