
Microsoft Visual Studio Solution File, Format Version 12.00
# Visual Studio 2013
VisualStudioVersion = 12.0.40629.0
MinimumVisualStudioVersion = 10.0.40219.1
Project("{FAE04EC0-301F-11D3-BF4B-00C04F79EFBC}") = "Task2", "Lab2\Task2.csproj", "{7FF8117D-C770-4F38-AD47-8F677086F2F9}"
EndProject
Project("{FAE04EC0-301F-11D3-BF4B-00C04F79EFBC}") = "Task1", "Lab1\Task1.csproj", "{258FE365-B94E-4777-BD58-DFE0493E39D2}"
EndProject
Project("{FAE04EC0-301F-11D3-BF4B-00C04F79EFBC}") = "Task3", "Lab3\Task3.csproj", "{D1DA2CD1-EF3B-4B56-8FF4-9DD271FCB56F}"
EndProject
Project("{FAE04EC0-301F-11D3-BF4B-00C04F79EFBC}") = "Task4", "Task4\Task4.csproj", "{7722A1BD-AC1D-4024-B129-F76A1F9A74E9}"
EndProject
Project("{FAE04EC0-301F-11D3-BF4B-00C04F79EFBC}") = "Task5", "Task5\Task5.csproj", "{323C4AA2-B3B0-4210-AE19-E0DBD6C10C45}"
EndProject
Project("{FAE04EC0-301F-11D3-BF4B-00C04F79EFBC}") = "Task6", "Task6\Task6.csproj", "{BE83EA34-ADA8-4577-9332-6B8323933236}"
EndProject
Project("{FAE04EC0-301F-11D3-BF4B-00C04F79EFBC}") = "Task7", "Task7\Task7.csproj", "{5B9C9F0B-88D4-40B7-B0ED-506437024E77}"
EndProject
Project("{FAE04EC0-301F-11D3-BF4B-00C04F79EFBC}") = "Task8", "Task8\Task8.csproj", "{21B23FE7-A0F1-4349-A7A1-9A7DD3241B4D}"
EndProject
Project("{FAE04EC0-301F-11D3-BF4B-00C04F79EFBC}") = "Task9", "Task9\Task9.csproj", "{75BA6756-3183-4C94-ACE9-0FF9074C9840}"
EndProject
Project("{FAE04EC0-301F-11D3-BF4B-00C04F79EFBC}") = "Task10", "Task10\Task10.csproj", "{ED29A487-E4BC-4FE6-84E5-07FE0B8A276F}"
EndProject
Project("{FAE04EC0-301F-11D3-BF4B-00C04F79EFBC}") = "Task11", "Task11\Task11.csproj", "{24575BF5-68FD-4715-BDB0-B890762E7F26}"
EndProject
Project("{FAE04EC0-301F-11D3-BF4B-00C04F79EFBC}") = "Task12", "Task12\Task12.csproj", "{7805736D-A4E4-4907-B6ED-1B5FBA9FA1C4}"
EndProject
Project("{FAE04EC0-301F-11D3-BF4B-00C04F79EFBC}") = "Task13", "Task13\Task13.csproj", "{2D03D4FF-0212-44A9-9FC1-4A00B35CF260}"
EndProject
Project("{FAE04EC0-301F-11D3-BF4B-00C04F79EFBC}") = "Task14", "Task14\Task14.csproj", "{18F73A61-ADE9-4F6E-B1B4-499BEE03C0EF}"
EndProject
Project("{FAE04EC0-301F-11D3-BF4B-00C04F79EFBC}") = "Task15", "Task15\Task15.csproj", "{972C49B9-AE69-41A1-9E12-C398D2A8E4FD}"
EndProject
Project("{FAE04EC0-301F-11D3-BF4B-00C04F79EFBC}") = "Task16", "Task16\Task16.csproj", "{F58AB415-3F6C-42F7-A847-5D0949EB6BBB}"
EndProject
Project("{FAE04EC0-301F-11D3-BF4B-00C04F79EFBC}") = "Task17", "Task17\Task17.csproj", "{B4443611-B2B0-499B-8675-E836B3815ABE}"
EndProject
Project("{FAE04EC0-301F-11D3-BF4B-00C04F79EFBC}") = "Task18", "Task18\Task18.csproj", "{B7AB2F24-5D82-41AD-9012-E0D1E29A48C1}"
EndProject
Project("{FAE04EC0-301F-11D3-BF4B-00C04F79EFBC}") = "Task19", "Task19\Task19.csproj", "{CDD25A24-44FF-42F6-9540-5F5F88BE9F98}"
EndProject
Project("{FAE04EC0-301F-11D3-BF4B-00C04F79EFBC}") = "Task20", "Task20\Task20.csproj", "{9E05BF25-64BD-48D8-B1A0-4D99D8D08428}"
EndProject
Project("{FAE04EC0-301F-11D3-BF4B-00C04F79EFBC}") = "Task21", "Task21\Task21.csproj", "{AB5CD74E-B297-4A15-ACC8-3F0327F3EAB0}"
EndProject
Project("{FAE04EC0-301F-11D3-BF4B-00C04F79EFBC}") = "Task22", "Task22\Task22.csproj", "{753A0B86-8583-43F5-8565-39CA94674A0F}"
EndProject
Project("{FAE04EC0-301F-11D3-BF4B-00C04F79EFBC}") = "Task23", "Task23\Task23.csproj", "{1A56312D-7B42-4905-8F46-29F744F96AAC}"
EndProject
Project("{FAE04EC0-301F-11D3-BF4B-00C04F79EFBC}") = "Task24", "Task24\Task24.csproj", "{D098B86B-6AED-4144-9C47-81CBE6E578DF}"
EndProject
Project("{FAE04EC0-301F-11D3-BF4B-00C04F79EFBC}") = "Task25", "Task25\Task25.csproj", "{4B2558EF-10E4-4BB3-B857-203453CDC79C}"
EndProject
Project("{FAE04EC0-301F-11D3-BF4B-00C04F79EFBC}") = "Task26", "Task26\Task26.csproj", "{4E51190C-FDC0-40F2-ADE9-622A6BBDD32D}"
EndProject
Global
	GlobalSection(SolutionConfigurationPlatforms) = preSolution
		Debug|Any CPU = Debug|Any CPU
		Release|Any CPU = Release|Any CPU
	EndGlobalSection
	GlobalSection(ProjectConfigurationPlatforms) = postSolution
		{7FF8117D-C770-4F38-AD47-8F677086F2F9}.Debug|Any CPU.ActiveCfg = Debug|Any CPU
		{7FF8117D-C770-4F38-AD47-8F677086F2F9}.Debug|Any CPU.Build.0 = Debug|Any CPU
		{7FF8117D-C770-4F38-AD47-8F677086F2F9}.Release|Any CPU.ActiveCfg = Release|Any CPU
		{7FF8117D-C770-4F38-AD47-8F677086F2F9}.Release|Any CPU.Build.0 = Release|Any CPU
		{258FE365-B94E-4777-BD58-DFE0493E39D2}.Debug|Any CPU.ActiveCfg = Debug|Any CPU
		{258FE365-B94E-4777-BD58-DFE0493E39D2}.Debug|Any CPU.Build.0 = Debug|Any CPU
		{258FE365-B94E-4777-BD58-DFE0493E39D2}.Release|Any CPU.ActiveCfg = Release|Any CPU
		{258FE365-B94E-4777-BD58-DFE0493E39D2}.Release|Any CPU.Build.0 = Release|Any CPU
		{D1DA2CD1-EF3B-4B56-8FF4-9DD271FCB56F}.Debug|Any CPU.ActiveCfg = Debug|Any CPU
		{D1DA2CD1-EF3B-4B56-8FF4-9DD271FCB56F}.Debug|Any CPU.Build.0 = Debug|Any CPU
		{D1DA2CD1-EF3B-4B56-8FF4-9DD271FCB56F}.Release|Any CPU.ActiveCfg = Release|Any CPU
		{D1DA2CD1-EF3B-4B56-8FF4-9DD271FCB56F}.Release|Any CPU.Build.0 = Release|Any CPU
		{7722A1BD-AC1D-4024-B129-F76A1F9A74E9}.Debug|Any CPU.ActiveCfg = Debug|Any CPU
		{7722A1BD-AC1D-4024-B129-F76A1F9A74E9}.Debug|Any CPU.Build.0 = Debug|Any CPU
		{7722A1BD-AC1D-4024-B129-F76A1F9A74E9}.Release|Any CPU.ActiveCfg = Release|Any CPU
		{7722A1BD-AC1D-4024-B129-F76A1F9A74E9}.Release|Any CPU.Build.0 = Release|Any CPU
		{323C4AA2-B3B0-4210-AE19-E0DBD6C10C45}.Debug|Any CPU.ActiveCfg = Debug|Any CPU
		{323C4AA2-B3B0-4210-AE19-E0DBD6C10C45}.Debug|Any CPU.Build.0 = Debug|Any CPU
		{323C4AA2-B3B0-4210-AE19-E0DBD6C10C45}.Release|Any CPU.ActiveCfg = Release|Any CPU
		{323C4AA2-B3B0-4210-AE19-E0DBD6C10C45}.Release|Any CPU.Build.0 = Release|Any CPU
		{BE83EA34-ADA8-4577-9332-6B8323933236}.Debug|Any CPU.ActiveCfg = Debug|Any CPU
		{BE83EA34-ADA8-4577-9332-6B8323933236}.Debug|Any CPU.Build.0 = Debug|Any CPU
		{BE83EA34-ADA8-4577-9332-6B8323933236}.Release|Any CPU.ActiveCfg = Release|Any CPU
		{BE83EA34-ADA8-4577-9332-6B8323933236}.Release|Any CPU.Build.0 = Release|Any CPU
		{5B9C9F0B-88D4-40B7-B0ED-506437024E77}.Debug|Any CPU.ActiveCfg = Debug|Any CPU
		{5B9C9F0B-88D4-40B7-B0ED-506437024E77}.Debug|Any CPU.Build.0 = Debug|Any CPU
		{5B9C9F0B-88D4-40B7-B0ED-506437024E77}.Release|Any CPU.ActiveCfg = Release|Any CPU
		{5B9C9F0B-88D4-40B7-B0ED-506437024E77}.Release|Any CPU.Build.0 = Release|Any CPU
		{21B23FE7-A0F1-4349-A7A1-9A7DD3241B4D}.Debug|Any CPU.ActiveCfg = Debug|Any CPU
		{21B23FE7-A0F1-4349-A7A1-9A7DD3241B4D}.Debug|Any CPU.Build.0 = Debug|Any CPU
		{21B23FE7-A0F1-4349-A7A1-9A7DD3241B4D}.Release|Any CPU.ActiveCfg = Release|Any CPU
		{21B23FE7-A0F1-4349-A7A1-9A7DD3241B4D}.Release|Any CPU.Build.0 = Release|Any CPU
		{75BA6756-3183-4C94-ACE9-0FF9074C9840}.Debug|Any CPU.ActiveCfg = Debug|Any CPU
		{75BA6756-3183-4C94-ACE9-0FF9074C9840}.Debug|Any CPU.Build.0 = Debug|Any CPU
		{75BA6756-3183-4C94-ACE9-0FF9074C9840}.Release|Any CPU.ActiveCfg = Release|Any CPU
		{75BA6756-3183-4C94-ACE9-0FF9074C9840}.Release|Any CPU.Build.0 = Release|Any CPU
		{ED29A487-E4BC-4FE6-84E5-07FE0B8A276F}.Debug|Any CPU.ActiveCfg = Debug|Any CPU
		{ED29A487-E4BC-4FE6-84E5-07FE0B8A276F}.Debug|Any CPU.Build.0 = Debug|Any CPU
		{ED29A487-E4BC-4FE6-84E5-07FE0B8A276F}.Release|Any CPU.ActiveCfg = Release|Any CPU
		{ED29A487-E4BC-4FE6-84E5-07FE0B8A276F}.Release|Any CPU.Build.0 = Release|Any CPU
		{24575BF5-68FD-4715-BDB0-B890762E7F26}.Debug|Any CPU.ActiveCfg = Debug|Any CPU
		{24575BF5-68FD-4715-BDB0-B890762E7F26}.Debug|Any CPU.Build.0 = Debug|Any CPU
		{24575BF5-68FD-4715-BDB0-B890762E7F26}.Release|Any CPU.ActiveCfg = Release|Any CPU
		{24575BF5-68FD-4715-BDB0-B890762E7F26}.Release|Any CPU.Build.0 = Release|Any CPU
		{7805736D-A4E4-4907-B6ED-1B5FBA9FA1C4}.Debug|Any CPU.ActiveCfg = Debug|Any CPU
		{7805736D-A4E4-4907-B6ED-1B5FBA9FA1C4}.Debug|Any CPU.Build.0 = Debug|Any CPU
		{7805736D-A4E4-4907-B6ED-1B5FBA9FA1C4}.Release|Any CPU.ActiveCfg = Release|Any CPU
		{7805736D-A4E4-4907-B6ED-1B5FBA9FA1C4}.Release|Any CPU.Build.0 = Release|Any CPU
		{2D03D4FF-0212-44A9-9FC1-4A00B35CF260}.Debug|Any CPU.ActiveCfg = Debug|Any CPU
		{2D03D4FF-0212-44A9-9FC1-4A00B35CF260}.Debug|Any CPU.Build.0 = Debug|Any CPU
		{2D03D4FF-0212-44A9-9FC1-4A00B35CF260}.Release|Any CPU.ActiveCfg = Release|Any CPU
		{2D03D4FF-0212-44A9-9FC1-4A00B35CF260}.Release|Any CPU.Build.0 = Release|Any CPU
		{18F73A61-ADE9-4F6E-B1B4-499BEE03C0EF}.Debug|Any CPU.ActiveCfg = Debug|Any CPU
		{18F73A61-ADE9-4F6E-B1B4-499BEE03C0EF}.Debug|Any CPU.Build.0 = Debug|Any CPU
		{18F73A61-ADE9-4F6E-B1B4-499BEE03C0EF}.Release|Any CPU.ActiveCfg = Release|Any CPU
		{18F73A61-ADE9-4F6E-B1B4-499BEE03C0EF}.Release|Any CPU.Build.0 = Release|Any CPU
		{972C49B9-AE69-41A1-9E12-C398D2A8E4FD}.Debug|Any CPU.ActiveCfg = Debug|Any CPU
		{972C49B9-AE69-41A1-9E12-C398D2A8E4FD}.Debug|Any CPU.Build.0 = Debug|Any CPU
		{972C49B9-AE69-41A1-9E12-C398D2A8E4FD}.Release|Any CPU.ActiveCfg = Release|Any CPU
		{972C49B9-AE69-41A1-9E12-C398D2A8E4FD}.Release|Any CPU.Build.0 = Release|Any CPU
		{F58AB415-3F6C-42F7-A847-5D0949EB6BBB}.Debug|Any CPU.ActiveCfg = Debug|Any CPU
		{F58AB415-3F6C-42F7-A847-5D0949EB6BBB}.Debug|Any CPU.Build.0 = Debug|Any CPU
		{F58AB415-3F6C-42F7-A847-5D0949EB6BBB}.Release|Any CPU.ActiveCfg = Release|Any CPU
		{F58AB415-3F6C-42F7-A847-5D0949EB6BBB}.Release|Any CPU.Build.0 = Release|Any CPU
		{B4443611-B2B0-499B-8675-E836B3815ABE}.Debug|Any CPU.ActiveCfg = Debug|Any CPU
		{B4443611-B2B0-499B-8675-E836B3815ABE}.Debug|Any CPU.Build.0 = Debug|Any CPU
		{B4443611-B2B0-499B-8675-E836B3815ABE}.Release|Any CPU.ActiveCfg = Release|Any CPU
		{B4443611-B2B0-499B-8675-E836B3815ABE}.Release|Any CPU.Build.0 = Release|Any CPU
		{B7AB2F24-5D82-41AD-9012-E0D1E29A48C1}.Debug|Any CPU.ActiveCfg = Debug|Any CPU
		{B7AB2F24-5D82-41AD-9012-E0D1E29A48C1}.Debug|Any CPU.Build.0 = Debug|Any CPU
		{B7AB2F24-5D82-41AD-9012-E0D1E29A48C1}.Release|Any CPU.ActiveCfg = Release|Any CPU
		{B7AB2F24-5D82-41AD-9012-E0D1E29A48C1}.Release|Any CPU.Build.0 = Release|Any CPU
		{CDD25A24-44FF-42F6-9540-5F5F88BE9F98}.Debug|Any CPU.ActiveCfg = Debug|Any CPU
		{CDD25A24-44FF-42F6-9540-5F5F88BE9F98}.Debug|Any CPU.Build.0 = Debug|Any CPU
		{CDD25A24-44FF-42F6-9540-5F5F88BE9F98}.Release|Any CPU.ActiveCfg = Release|Any CPU
		{CDD25A24-44FF-42F6-9540-5F5F88BE9F98}.Release|Any CPU.Build.0 = Release|Any CPU
		{9E05BF25-64BD-48D8-B1A0-4D99D8D08428}.Debug|Any CPU.ActiveCfg = Debug|Any CPU
		{9E05BF25-64BD-48D8-B1A0-4D99D8D08428}.Debug|Any CPU.Build.0 = Debug|Any CPU
		{9E05BF25-64BD-48D8-B1A0-4D99D8D08428}.Release|Any CPU.ActiveCfg = Release|Any CPU
		{9E05BF25-64BD-48D8-B1A0-4D99D8D08428}.Release|Any CPU.Build.0 = Release|Any CPU
		{AB5CD74E-B297-4A15-ACC8-3F0327F3EAB0}.Debug|Any CPU.ActiveCfg = Debug|Any CPU
		{AB5CD74E-B297-4A15-ACC8-3F0327F3EAB0}.Debug|Any CPU.Build.0 = Debug|Any CPU
		{AB5CD74E-B297-4A15-ACC8-3F0327F3EAB0}.Release|Any CPU.ActiveCfg = Release|Any CPU
		{AB5CD74E-B297-4A15-ACC8-3F0327F3EAB0}.Release|Any CPU.Build.0 = Release|Any CPU
		{753A0B86-8583-43F5-8565-39CA94674A0F}.Debug|Any CPU.ActiveCfg = Debug|Any CPU
		{753A0B86-8583-43F5-8565-39CA94674A0F}.Debug|Any CPU.Build.0 = Debug|Any CPU
		{753A0B86-8583-43F5-8565-39CA94674A0F}.Release|Any CPU.ActiveCfg = Release|Any CPU
		{753A0B86-8583-43F5-8565-39CA94674A0F}.Release|Any CPU.Build.0 = Release|Any CPU
		{1A56312D-7B42-4905-8F46-29F744F96AAC}.Debug|Any CPU.ActiveCfg = Debug|Any CPU
		{1A56312D-7B42-4905-8F46-29F744F96AAC}.Debug|Any CPU.Build.0 = Debug|Any CPU
		{1A56312D-7B42-4905-8F46-29F744F96AAC}.Release|Any CPU.ActiveCfg = Release|Any CPU
		{1A56312D-7B42-4905-8F46-29F744F96AAC}.Release|Any CPU.Build.0 = Release|Any CPU
		{D098B86B-6AED-4144-9C47-81CBE6E578DF}.Debug|Any CPU.ActiveCfg = Debug|Any CPU
		{D098B86B-6AED-4144-9C47-81CBE6E578DF}.Debug|Any CPU.Build.0 = Debug|Any CPU
		{D098B86B-6AED-4144-9C47-81CBE6E578DF}.Release|Any CPU.ActiveCfg = Release|Any CPU
		{D098B86B-6AED-4144-9C47-81CBE6E578DF}.Release|Any CPU.Build.0 = Release|Any CPU
		{4B2558EF-10E4-4BB3-B857-203453CDC79C}.Debug|Any CPU.ActiveCfg = Debug|Any CPU
		{4B2558EF-10E4-4BB3-B857-203453CDC79C}.Debug|Any CPU.Build.0 = Debug|Any CPU
		{4B2558EF-10E4-4BB3-B857-203453CDC79C}.Release|Any CPU.ActiveCfg = Release|Any CPU
		{4B2558EF-10E4-4BB3-B857-203453CDC79C}.Release|Any CPU.Build.0 = Release|Any CPU
		{4E51190C-FDC0-40F2-ADE9-622A6BBDD32D}.Debug|Any CPU.ActiveCfg = Debug|Any CPU
		{4E51190C-FDC0-40F2-ADE9-622A6BBDD32D}.Debug|Any CPU.Build.0 = Debug|Any CPU
		{4E51190C-FDC0-40F2-ADE9-622A6BBDD32D}.Release|Any CPU.ActiveCfg = Release|Any CPU
		{4E51190C-FDC0-40F2-ADE9-622A6BBDD32D}.Release|Any CPU.Build.0 = Release|Any CPU
	EndGlobalSection
	GlobalSection(SolutionProperties) = preSolution
		HideSolutionNode = FALSE
	EndGlobalSection
EndGlobal
