
Microsoft Visual Studio Solution File, Format Version 12.00
# Visual Studio 2013
VisualStudioVersion = 12.0.40629.0
MinimumVisualStudioVersion = 10.0.40219.1
Project("{FAE04EC0-301F-11D3-BF4B-00C04F79EFBC}") = "Task1", "Task1\Task1.csproj", "{BA550B61-1E28-4634-8654-F1F124239243}"
EndProject
Project("{FAE04EC0-301F-11D3-BF4B-00C04F79EFBC}") = "Task3", "Task3\Task3.csproj", "{D85B4912-40DE-4B6B-9EAA-B480D65C146B}"
EndProject
Project("{FAE04EC0-301F-11D3-BF4B-00C04F79EFBC}") = "Task2", "Task2\Task2.csproj", "{3D509525-800C-450E-B19A-8A12BB4D699F}"
EndProject
Project("{FAE04EC0-301F-11D3-BF4B-00C04F79EFBC}") = "Task18", "Task18\Task18.csproj", "{4B23534F-A1F4-47B8-A211-71B494CE72F9}"
EndProject
Project("{FAE04EC0-301F-11D3-BF4B-00C04F79EFBC}") = "Task17", "Task17\Task17.csproj", "{E59559E7-72F8-481B-9354-C45BE54FA4D2}"
EndProject
Project("{FAE04EC0-301F-11D3-BF4B-00C04F79EFBC}") = "Task19", "Task19\Task19.csproj", "{E0D6B814-D554-4BB6-A8E5-50A9FC1D92A3}"
EndProject
Project("{FAE04EC0-301F-11D3-BF4B-00C04F79EFBC}") = "Task20", "Task20\Task20.csproj", "{B187804C-696F-455D-AD7A-CC375607202A}"
EndProject
Project("{FAE04EC0-301F-11D3-BF4B-00C04F79EFBC}") = "Task21", "Task21\Task21.csproj", "{8AF1295B-287A-49E2-AD72-B5D790C13A7E}"
EndProject
Project("{FAE04EC0-301F-11D3-BF4B-00C04F79EFBC}") = "Task22", "Task22\Task22.csproj", "{6C100C1B-3436-46AC-8620-A2E474ED0D6C}"
EndProject
Project("{FAE04EC0-301F-11D3-BF4B-00C04F79EFBC}") = "Task30", "Task30\Task30.csproj", "{FA6D8426-AC88-4112-B658-6EF4A8B7F8B7}"
EndProject
Project("{FAE04EC0-301F-11D3-BF4B-00C04F79EFBC}") = "Task34", "Task34\Task34.csproj", "{3F7C70A0-E9CC-44A4-9602-D0CA4B4B2CAD}"
EndProject
Global
	GlobalSection(SolutionConfigurationPlatforms) = preSolution
		Debug|Any CPU = Debug|Any CPU
		Release|Any CPU = Release|Any CPU
	EndGlobalSection
	GlobalSection(ProjectConfigurationPlatforms) = postSolution
		{BA550B61-1E28-4634-8654-F1F124239243}.Debug|Any CPU.ActiveCfg = Debug|Any CPU
		{BA550B61-1E28-4634-8654-F1F124239243}.Debug|Any CPU.Build.0 = Debug|Any CPU
		{BA550B61-1E28-4634-8654-F1F124239243}.Release|Any CPU.ActiveCfg = Release|Any CPU
		{BA550B61-1E28-4634-8654-F1F124239243}.Release|Any CPU.Build.0 = Release|Any CPU
		{D85B4912-40DE-4B6B-9EAA-B480D65C146B}.Debug|Any CPU.ActiveCfg = Debug|Any CPU
		{D85B4912-40DE-4B6B-9EAA-B480D65C146B}.Debug|Any CPU.Build.0 = Debug|Any CPU
		{D85B4912-40DE-4B6B-9EAA-B480D65C146B}.Release|Any CPU.ActiveCfg = Release|Any CPU
		{D85B4912-40DE-4B6B-9EAA-B480D65C146B}.Release|Any CPU.Build.0 = Release|Any CPU
		{3D509525-800C-450E-B19A-8A12BB4D699F}.Debug|Any CPU.ActiveCfg = Debug|Any CPU
		{3D509525-800C-450E-B19A-8A12BB4D699F}.Debug|Any CPU.Build.0 = Debug|Any CPU
		{3D509525-800C-450E-B19A-8A12BB4D699F}.Release|Any CPU.ActiveCfg = Release|Any CPU
		{3D509525-800C-450E-B19A-8A12BB4D699F}.Release|Any CPU.Build.0 = Release|Any CPU
		{4B23534F-A1F4-47B8-A211-71B494CE72F9}.Debug|Any CPU.ActiveCfg = Debug|Any CPU
		{4B23534F-A1F4-47B8-A211-71B494CE72F9}.Debug|Any CPU.Build.0 = Debug|Any CPU
		{4B23534F-A1F4-47B8-A211-71B494CE72F9}.Release|Any CPU.ActiveCfg = Release|Any CPU
		{4B23534F-A1F4-47B8-A211-71B494CE72F9}.Release|Any CPU.Build.0 = Release|Any CPU
		{E59559E7-72F8-481B-9354-C45BE54FA4D2}.Debug|Any CPU.ActiveCfg = Debug|Any CPU
		{E59559E7-72F8-481B-9354-C45BE54FA4D2}.Debug|Any CPU.Build.0 = Debug|Any CPU
		{E59559E7-72F8-481B-9354-C45BE54FA4D2}.Release|Any CPU.ActiveCfg = Release|Any CPU
		{E59559E7-72F8-481B-9354-C45BE54FA4D2}.Release|Any CPU.Build.0 = Release|Any CPU
		{E0D6B814-D554-4BB6-A8E5-50A9FC1D92A3}.Debug|Any CPU.ActiveCfg = Debug|Any CPU
		{E0D6B814-D554-4BB6-A8E5-50A9FC1D92A3}.Debug|Any CPU.Build.0 = Debug|Any CPU
		{E0D6B814-D554-4BB6-A8E5-50A9FC1D92A3}.Release|Any CPU.ActiveCfg = Release|Any CPU
		{E0D6B814-D554-4BB6-A8E5-50A9FC1D92A3}.Release|Any CPU.Build.0 = Release|Any CPU
		{B187804C-696F-455D-AD7A-CC375607202A}.Debug|Any CPU.ActiveCfg = Debug|Any CPU
		{B187804C-696F-455D-AD7A-CC375607202A}.Debug|Any CPU.Build.0 = Debug|Any CPU
		{B187804C-696F-455D-AD7A-CC375607202A}.Release|Any CPU.ActiveCfg = Release|Any CPU
		{B187804C-696F-455D-AD7A-CC375607202A}.Release|Any CPU.Build.0 = Release|Any CPU
		{8AF1295B-287A-49E2-AD72-B5D790C13A7E}.Debug|Any CPU.ActiveCfg = Debug|Any CPU
		{8AF1295B-287A-49E2-AD72-B5D790C13A7E}.Debug|Any CPU.Build.0 = Debug|Any CPU
		{8AF1295B-287A-49E2-AD72-B5D790C13A7E}.Release|Any CPU.ActiveCfg = Release|Any CPU
		{8AF1295B-287A-49E2-AD72-B5D790C13A7E}.Release|Any CPU.Build.0 = Release|Any CPU
		{6C100C1B-3436-46AC-8620-A2E474ED0D6C}.Debug|Any CPU.ActiveCfg = Debug|Any CPU
		{6C100C1B-3436-46AC-8620-A2E474ED0D6C}.Debug|Any CPU.Build.0 = Debug|Any CPU
		{6C100C1B-3436-46AC-8620-A2E474ED0D6C}.Release|Any CPU.ActiveCfg = Release|Any CPU
		{6C100C1B-3436-46AC-8620-A2E474ED0D6C}.Release|Any CPU.Build.0 = Release|Any CPU
		{FA6D8426-AC88-4112-B658-6EF4A8B7F8B7}.Debug|Any CPU.ActiveCfg = Debug|Any CPU
		{FA6D8426-AC88-4112-B658-6EF4A8B7F8B7}.Debug|Any CPU.Build.0 = Debug|Any CPU
		{FA6D8426-AC88-4112-B658-6EF4A8B7F8B7}.Release|Any CPU.ActiveCfg = Release|Any CPU
		{FA6D8426-AC88-4112-B658-6EF4A8B7F8B7}.Release|Any CPU.Build.0 = Release|Any CPU
		{3F7C70A0-E9CC-44A4-9602-D0CA4B4B2CAD}.Debug|Any CPU.ActiveCfg = Debug|Any CPU
		{3F7C70A0-E9CC-44A4-9602-D0CA4B4B2CAD}.Debug|Any CPU.Build.0 = Debug|Any CPU
		{3F7C70A0-E9CC-44A4-9602-D0CA4B4B2CAD}.Release|Any CPU.ActiveCfg = Release|Any CPU
		{3F7C70A0-E9CC-44A4-9602-D0CA4B4B2CAD}.Release|Any CPU.Build.0 = Release|Any CPU
	EndGlobalSection
	GlobalSection(SolutionProperties) = preSolution
		HideSolutionNode = FALSE
	EndGlobalSection
EndGlobal
